// !$*UTF8*$!
{
	archiveVersion = 1;
	classes = {
	};
	objectVersion = 46;
	objects = {

/* Begin PBXBuildFile section */
		553A3830763FE423D9FA617F /* Pods_proje.framework in Frameworks */ = {isa = PBXBuildFile; fileRef = 366D1575B9A54D6331437AFB /* Pods_proje.framework */; };
		97B8601AB572C45A4E08B4CC /* Pods_projeUITests.framework in Frameworks */ = {isa = PBXBuildFile; fileRef = 3D15957AFFDC74DF97E915D7 /* Pods_projeUITests.framework */; };
		9A0B763E1F602336004DC34C /* FileTableViewCell.swift in Sources */ = {isa = PBXBuildFile; fileRef = 9A0B763D1F602336004DC34C /* FileTableViewCell.swift */; };
		9AB6B5721F5E923200E23658 /* AppDelegate.swift in Sources */ = {isa = PBXBuildFile; fileRef = 9AB6B5711F5E923200E23658 /* AppDelegate.swift */; };
		9AB6B5741F5E923200E23658 /* ViewController.swift in Sources */ = {isa = PBXBuildFile; fileRef = 9AB6B5731F5E923200E23658 /* ViewController.swift */; };
		9AB6B5771F5E923200E23658 /* Main.storyboard in Resources */ = {isa = PBXBuildFile; fileRef = 9AB6B5751F5E923200E23658 /* Main.storyboard */; };
		9AB6B5791F5E923200E23658 /* Assets.xcassets in Resources */ = {isa = PBXBuildFile; fileRef = 9AB6B5781F5E923200E23658 /* Assets.xcassets */; };
		9AB6B5871F5E923200E23658 /* projeTests.swift in Sources */ = {isa = PBXBuildFile; fileRef = 9AB6B5861F5E923200E23658 /* projeTests.swift */; };
		9AB6B5921F5E923200E23658 /* projeUITests.swift in Sources */ = {isa = PBXBuildFile; fileRef = 9AB6B5911F5E923200E23658 /* projeUITests.swift */; };
		9AB737A71F5ECB8B002C1270 /* AnaViewController.swift in Sources */ = {isa = PBXBuildFile; fileRef = 9AB737A61F5ECB8B002C1270 /* AnaViewController.swift */; };
		9AB737AC1F5EE505002C1270 /* IslemViewController.swift in Sources */ = {isa = PBXBuildFile; fileRef = 9AB737AB1F5EE505002C1270 /* IslemViewController.swift */; };
		9ABFBF1E1F61431F00EB2354 /* LaunchScreen.storyboard in Resources */ = {isa = PBXBuildFile; fileRef = 9ABFBF1D1F61431F00EB2354 /* LaunchScreen.storyboard */; };
		D687AFC6ACEF91E7D5CD9432 /* Pods_projeTests.framework in Frameworks */ = {isa = PBXBuildFile; fileRef = 53816294F2FCD9F467345C81 /* Pods_projeTests.framework */; };
/* End PBXBuildFile section */

/* Begin PBXContainerItemProxy section */
		9AB6B5831F5E923200E23658 /* PBXContainerItemProxy */ = {
			isa = PBXContainerItemProxy;
			containerPortal = 9AB6B5661F5E923100E23658 /* Project object */;
			proxyType = 1;
			remoteGlobalIDString = 9AB6B56D1F5E923200E23658;
			remoteInfo = proje;
		};
		9AB6B58E1F5E923200E23658 /* PBXContainerItemProxy */ = {
			isa = PBXContainerItemProxy;
			containerPortal = 9AB6B5661F5E923100E23658 /* Project object */;
			proxyType = 1;
			remoteGlobalIDString = 9AB6B56D1F5E923200E23658;
			remoteInfo = proje;
		};
/* End PBXContainerItemProxy section */

/* Begin PBXFileReference section */
		12765715826D79CBFA1AE8FF /* Pods-projeUITests.release.xcconfig */ = {isa = PBXFileReference; includeInIndex = 1; lastKnownFileType = text.xcconfig; name = "Pods-projeUITests.release.xcconfig"; path = "Pods/Target Support Files/Pods-projeUITests/Pods-projeUITests.release.xcconfig"; sourceTree = "<group>"; };
		366D1575B9A54D6331437AFB /* Pods_proje.framework */ = {isa = PBXFileReference; explicitFileType = wrapper.framework; includeInIndex = 0; path = Pods_proje.framework; sourceTree = BUILT_PRODUCTS_DIR; };
		3D15957AFFDC74DF97E915D7 /* Pods_projeUITests.framework */ = {isa = PBXFileReference; explicitFileType = wrapper.framework; includeInIndex = 0; path = Pods_projeUITests.framework; sourceTree = BUILT_PRODUCTS_DIR; };
		43E8278AB76F436FF8967E32 /* Pods-projeUITests.debug.xcconfig */ = {isa = PBXFileReference; includeInIndex = 1; lastKnownFileType = text.xcconfig; name = "Pods-projeUITests.debug.xcconfig"; path = "Pods/Target Support Files/Pods-projeUITests/Pods-projeUITests.debug.xcconfig"; sourceTree = "<group>"; };
		53816294F2FCD9F467345C81 /* Pods_projeTests.framework */ = {isa = PBXFileReference; explicitFileType = wrapper.framework; includeInIndex = 0; path = Pods_projeTests.framework; sourceTree = BUILT_PRODUCTS_DIR; };
		605C120E99A66E6D83BC01C0 /* Pods-projeTests.debug.xcconfig */ = {isa = PBXFileReference; includeInIndex = 1; lastKnownFileType = text.xcconfig; name = "Pods-projeTests.debug.xcconfig"; path = "Pods/Target Support Files/Pods-projeTests/Pods-projeTests.debug.xcconfig"; sourceTree = "<group>"; };
		78A5DAEE88E38EDC98CF014C /* Pods-proje.release.xcconfig */ = {isa = PBXFileReference; includeInIndex = 1; lastKnownFileType = text.xcconfig; name = "Pods-proje.release.xcconfig"; path = "Pods/Target Support Files/Pods-proje/Pods-proje.release.xcconfig"; sourceTree = "<group>"; };
		9A0B763D1F602336004DC34C /* FileTableViewCell.swift */ = {isa = PBXFileReference; fileEncoding = 4; lastKnownFileType = sourcecode.swift; path = FileTableViewCell.swift; sourceTree = "<group>"; };
		9AB6B56E1F5E923200E23658 /* proje.app */ = {isa = PBXFileReference; explicitFileType = wrapper.application; includeInIndex = 0; path = proje.app; sourceTree = BUILT_PRODUCTS_DIR; };
		9AB6B5711F5E923200E23658 /* AppDelegate.swift */ = {isa = PBXFileReference; lastKnownFileType = sourcecode.swift; path = AppDelegate.swift; sourceTree = "<group>"; };
		9AB6B5731F5E923200E23658 /* ViewController.swift */ = {isa = PBXFileReference; lastKnownFileType = sourcecode.swift; path = ViewController.swift; sourceTree = "<group>"; };
		9AB6B5761F5E923200E23658 /* Base */ = {isa = PBXFileReference; lastKnownFileType = file.storyboard; name = Base; path = Base.lproj/Main.storyboard; sourceTree = "<group>"; };
		9AB6B5781F5E923200E23658 /* Assets.xcassets */ = {isa = PBXFileReference; lastKnownFileType = folder.assetcatalog; path = Assets.xcassets; sourceTree = "<group>"; };
		9AB6B57D1F5E923200E23658 /* Info.plist */ = {isa = PBXFileReference; lastKnownFileType = text.plist.xml; path = Info.plist; sourceTree = "<group>"; };
		9AB6B5821F5E923200E23658 /* projeTests.xctest */ = {isa = PBXFileReference; explicitFileType = wrapper.cfbundle; includeInIndex = 0; path = projeTests.xctest; sourceTree = BUILT_PRODUCTS_DIR; };
		9AB6B5861F5E923200E23658 /* projeTests.swift */ = {isa = PBXFileReference; lastKnownFileType = sourcecode.swift; path = projeTests.swift; sourceTree = "<group>"; };
		9AB6B5881F5E923200E23658 /* Info.plist */ = {isa = PBXFileReference; lastKnownFileType = text.plist.xml; path = Info.plist; sourceTree = "<group>"; };
		9AB6B58D1F5E923200E23658 /* projeUITests.xctest */ = {isa = PBXFileReference; explicitFileType = wrapper.cfbundle; includeInIndex = 0; path = projeUITests.xctest; sourceTree = BUILT_PRODUCTS_DIR; };
		9AB6B5911F5E923200E23658 /* projeUITests.swift */ = {isa = PBXFileReference; lastKnownFileType = sourcecode.swift; path = projeUITests.swift; sourceTree = "<group>"; };
		9AB6B5931F5E923200E23658 /* Info.plist */ = {isa = PBXFileReference; lastKnownFileType = text.plist.xml; path = Info.plist; sourceTree = "<group>"; };
		9AB737A61F5ECB8B002C1270 /* AnaViewController.swift */ = {isa = PBXFileReference; fileEncoding = 4; lastKnownFileType = sourcecode.swift; path = AnaViewController.swift; sourceTree = "<group>"; };
		9AB737AB1F5EE505002C1270 /* IslemViewController.swift */ = {isa = PBXFileReference; fileEncoding = 4; lastKnownFileType = sourcecode.swift; path = IslemViewController.swift; sourceTree = "<group>"; };
		9ABFBF1D1F61431F00EB2354 /* LaunchScreen.storyboard */ = {isa = PBXFileReference; fileEncoding = 4; lastKnownFileType = file.storyboard; path = LaunchScreen.storyboard; sourceTree = "<group>"; };
		A034ADBF6AFD9DDBD03A381B /* Pods-proje.debug.xcconfig */ = {isa = PBXFileReference; includeInIndex = 1; lastKnownFileType = text.xcconfig; name = "Pods-proje.debug.xcconfig"; path = "Pods/Target Support Files/Pods-proje/Pods-proje.debug.xcconfig"; sourceTree = "<group>"; };
		BC76F3F2986924B2A562EE72 /* Pods-projeTests.release.xcconfig */ = {isa = PBXFileReference; includeInIndex = 1; lastKnownFileType = text.xcconfig; name = "Pods-projeTests.release.xcconfig"; path = "Pods/Target Support Files/Pods-projeTests/Pods-projeTests.release.xcconfig"; sourceTree = "<group>"; };
/* End PBXFileReference section */

/* Begin PBXFrameworksBuildPhase section */
		9AB6B56B1F5E923200E23658 /* Frameworks */ = {
			isa = PBXFrameworksBuildPhase;
			buildActionMask = 2147483647;
			files = (
				553A3830763FE423D9FA617F /* Pods_proje.framework in Frameworks */,
			);
			runOnlyForDeploymentPostprocessing = 0;
		};
		9AB6B57F1F5E923200E23658 /* Frameworks */ = {
			isa = PBXFrameworksBuildPhase;
			buildActionMask = 2147483647;
			files = (
				D687AFC6ACEF91E7D5CD9432 /* Pods_projeTests.framework in Frameworks */,
			);
			runOnlyForDeploymentPostprocessing = 0;
		};
		9AB6B58A1F5E923200E23658 /* Frameworks */ = {
			isa = PBXFrameworksBuildPhase;
			buildActionMask = 2147483647;
			files = (
				97B8601AB572C45A4E08B4CC /* Pods_projeUITests.framework in Frameworks */,
			);
			runOnlyForDeploymentPostprocessing = 0;
		};
/* End PBXFrameworksBuildPhase section */

/* Begin PBXGroup section */
		1B0B2368A876DB782D1AC3B1 /* Frameworks */ = {
			isa = PBXGroup;
			children = (
				366D1575B9A54D6331437AFB /* Pods_proje.framework */,
				53816294F2FCD9F467345C81 /* Pods_projeTests.framework */,
				3D15957AFFDC74DF97E915D7 /* Pods_projeUITests.framework */,
			);
			name = Frameworks;
			sourceTree = "<group>";
		};
		9AB6B5651F5E923100E23658 = {
			isa = PBXGroup;
			children = (
				9AB6B5701F5E923200E23658 /* proje */,
				9AB6B5851F5E923200E23658 /* projeTests */,
				9AB6B5901F5E923200E23658 /* projeUITests */,
				9AB6B56F1F5E923200E23658 /* Products */,
				CFC36B60BFB6E5A95F5AF3DA /* Pods */,
				1B0B2368A876DB782D1AC3B1 /* Frameworks */,
			);
			sourceTree = "<group>";
		};
		9AB6B56F1F5E923200E23658 /* Products */ = {
			isa = PBXGroup;
			children = (
				9AB6B56E1F5E923200E23658 /* proje.app */,
				9AB6B5821F5E923200E23658 /* projeTests.xctest */,
				9AB6B58D1F5E923200E23658 /* projeUITests.xctest */,
			);
			name = Products;
			sourceTree = "<group>";
		};
		9AB6B5701F5E923200E23658 /* proje */ = {
			isa = PBXGroup;
			children = (
				9ABFBF1C1F61405800EB2354 /* Model */,
				9ABFBF1B1F61404800EB2354 /* View */,
				9AB737AA1F5EE2F9002C1270 /* Controller */,
				9AB6B5781F5E923200E23658 /* Assets.xcassets */,
				9AB6B57D1F5E923200E23658 /* Info.plist */,
			);
			path = proje;
			sourceTree = "<group>";
		};
		9AB6B5851F5E923200E23658 /* projeTests */ = {
			isa = PBXGroup;
			children = (
				9AB6B5861F5E923200E23658 /* projeTests.swift */,
				9AB6B5881F5E923200E23658 /* Info.plist */,
			);
			path = projeTests;
			sourceTree = "<group>";
		};
		9AB6B5901F5E923200E23658 /* projeUITests */ = {
			isa = PBXGroup;
			children = (
				9AB6B5911F5E923200E23658 /* projeUITests.swift */,
				9AB6B5931F5E923200E23658 /* Info.plist */,
			);
			path = projeUITests;
			sourceTree = "<group>";
		};
		9AB737AA1F5EE2F9002C1270 /* Controller */ = {
			isa = PBXGroup;
			children = (
				9AB6B5731F5E923200E23658 /* ViewController.swift */,
				9AB737A61F5ECB8B002C1270 /* AnaViewController.swift */,
				9AB737AB1F5EE505002C1270 /* IslemViewController.swift */,
				9A0B763D1F602336004DC34C /* FileTableViewCell.swift */,
			);
			name = Controller;
			sourceTree = "<group>";
		};
		9ABFBF1B1F61404800EB2354 /* View */ = {
			isa = PBXGroup;
			children = (
				9AB6B5751F5E923200E23658 /* Main.storyboard */,
				9ABFBF1D1F61431F00EB2354 /* LaunchScreen.storyboard */,
			);
			name = View;
			sourceTree = "<group>";
		};
		9ABFBF1C1F61405800EB2354 /* Model */ = {
			isa = PBXGroup;
			children = (
				9AB6B5711F5E923200E23658 /* AppDelegate.swift */,
			);
			name = Model;
			sourceTree = "<group>";
		};
		CFC36B60BFB6E5A95F5AF3DA /* Pods */ = {
			isa = PBXGroup;
			children = (
				A034ADBF6AFD9DDBD03A381B /* Pods-proje.debug.xcconfig */,
				78A5DAEE88E38EDC98CF014C /* Pods-proje.release.xcconfig */,
				605C120E99A66E6D83BC01C0 /* Pods-projeTests.debug.xcconfig */,
				BC76F3F2986924B2A562EE72 /* Pods-projeTests.release.xcconfig */,
				43E8278AB76F436FF8967E32 /* Pods-projeUITests.debug.xcconfig */,
				12765715826D79CBFA1AE8FF /* Pods-projeUITests.release.xcconfig */,
			);
			name = Pods;
			sourceTree = "<group>";
		};
/* End PBXGroup section */

/* Begin PBXNativeTarget section */
		9AB6B56D1F5E923200E23658 /* proje */ = {
			isa = PBXNativeTarget;
			buildConfigurationList = 9AB6B5961F5E923200E23658 /* Build configuration list for PBXNativeTarget "proje" */;
			buildPhases = (
				F0F935B95B0EE6B7C55A95DE /* [CP] Check Pods Manifest.lock */,
				9AB6B56A1F5E923200E23658 /* Sources */,
				9AB6B56B1F5E923200E23658 /* Frameworks */,
				9AB6B56C1F5E923200E23658 /* Resources */,
				D052AE933B5BD21EDE8DAD4A /* [CP] Embed Pods Frameworks */,
				86E7DB1522ABD4774166FE43 /* [CP] Copy Pods Resources */,
			);
			buildRules = (
			);
			dependencies = (
			);
			name = proje;
			productName = proje;
			productReference = 9AB6B56E1F5E923200E23658 /* proje.app */;
			productType = "com.apple.product-type.application";
		};
		9AB6B5811F5E923200E23658 /* projeTests */ = {
			isa = PBXNativeTarget;
			buildConfigurationList = 9AB6B5991F5E923200E23658 /* Build configuration list for PBXNativeTarget "projeTests" */;
			buildPhases = (
				7479523802FCE9C8E84E1A40 /* [CP] Check Pods Manifest.lock */,
				9AB6B57E1F5E923200E23658 /* Sources */,
				9AB6B57F1F5E923200E23658 /* Frameworks */,
				9AB6B5801F5E923200E23658 /* Resources */,
				F4A36544A9CB84EF34A06CDE /* [CP] Embed Pods Frameworks */,
				D1F4CC2A42A54E18095333C4 /* [CP] Copy Pods Resources */,
			);
			buildRules = (
			);
			dependencies = (
				9AB6B5841F5E923200E23658 /* PBXTargetDependency */,
			);
			name = projeTests;
			productName = projeTests;
			productReference = 9AB6B5821F5E923200E23658 /* projeTests.xctest */;
			productType = "com.apple.product-type.bundle.unit-test";
		};
		9AB6B58C1F5E923200E23658 /* projeUITests */ = {
			isa = PBXNativeTarget;
			buildConfigurationList = 9AB6B59C1F5E923200E23658 /* Build configuration list for PBXNativeTarget "projeUITests" */;
			buildPhases = (
				02C27F22C2DC62CB55B2CD6E /* [CP] Check Pods Manifest.lock */,
				9AB6B5891F5E923200E23658 /* Sources */,
				9AB6B58A1F5E923200E23658 /* Frameworks */,
				9AB6B58B1F5E923200E23658 /* Resources */,
				156DDF279214339DE5923783 /* [CP] Embed Pods Frameworks */,
				0CF777D1D2115BC4CC94C0FC /* [CP] Copy Pods Resources */,
			);
			buildRules = (
			);
			dependencies = (
				9AB6B58F1F5E923200E23658 /* PBXTargetDependency */,
			);
			name = projeUITests;
			productName = projeUITests;
			productReference = 9AB6B58D1F5E923200E23658 /* projeUITests.xctest */;
			productType = "com.apple.product-type.bundle.ui-testing";
		};
/* End PBXNativeTarget section */

/* Begin PBXProject section */
		9AB6B5661F5E923100E23658 /* Project object */ = {
			isa = PBXProject;
			attributes = {
				LastSwiftUpdateCheck = 0830;
				LastUpgradeCheck = 0830;
				ORGANIZATIONNAME = MacMini;
				TargetAttributes = {
					9AB6B56D1F5E923200E23658 = {
						CreatedOnToolsVersion = 8.3.3;
						ProvisioningStyle = Automatic;
					};
					9AB6B5811F5E923200E23658 = {
						CreatedOnToolsVersion = 8.3.3;
						ProvisioningStyle = Automatic;
						TestTargetID = 9AB6B56D1F5E923200E23658;
					};
					9AB6B58C1F5E923200E23658 = {
						CreatedOnToolsVersion = 8.3.3;
						ProvisioningStyle = Automatic;
						TestTargetID = 9AB6B56D1F5E923200E23658;
					};
				};
			};
			buildConfigurationList = 9AB6B5691F5E923100E23658 /* Build configuration list for PBXProject "proje" */;
			compatibilityVersion = "Xcode 3.2";
			developmentRegion = English;
			hasScannedForEncodings = 0;
			knownRegions = (
				en,
				Base,
			);
			mainGroup = 9AB6B5651F5E923100E23658;
			productRefGroup = 9AB6B56F1F5E923200E23658 /* Products */;
			projectDirPath = "";
			projectRoot = "";
			targets = (
				9AB6B56D1F5E923200E23658 /* proje */,
				9AB6B5811F5E923200E23658 /* projeTests */,
				9AB6B58C1F5E923200E23658 /* projeUITests */,
			);
		};
/* End PBXProject section */

/* Begin PBXResourcesBuildPhase section */
		9AB6B56C1F5E923200E23658 /* Resources */ = {
			isa = PBXResourcesBuildPhase;
			buildActionMask = 2147483647;
			files = (
				9ABFBF1E1F61431F00EB2354 /* LaunchScreen.storyboard in Resources */,
				9AB6B5791F5E923200E23658 /* Assets.xcassets in Resources */,
				9AB6B5771F5E923200E23658 /* Main.storyboard in Resources */,
			);
			runOnlyForDeploymentPostprocessing = 0;
		};
		9AB6B5801F5E923200E23658 /* Resources */ = {
			isa = PBXResourcesBuildPhase;
			buildActionMask = 2147483647;
			files = (
			);
			runOnlyForDeploymentPostprocessing = 0;
		};
		9AB6B58B1F5E923200E23658 /* Resources */ = {
			isa = PBXResourcesBuildPhase;
			buildActionMask = 2147483647;
			files = (
			);
			runOnlyForDeploymentPostprocessing = 0;
		};
/* End PBXResourcesBuildPhase section */

/* Begin PBXShellScriptBuildPhase section */
		02C27F22C2DC62CB55B2CD6E /* [CP] Check Pods Manifest.lock */ = {
			isa = PBXShellScriptBuildPhase;
			buildActionMask = 2147483647;
			files = (
			);
			inputPaths = (
				"${PODS_PODFILE_DIR_PATH}/Podfile.lock",
				"${PODS_ROOT}/Manifest.lock",
			);
			name = "[CP] Check Pods Manifest.lock";
			outputPaths = (
				"$(DERIVED_FILE_DIR)/Pods-projeUITests-checkManifestLockResult.txt",
			);
			runOnlyForDeploymentPostprocessing = 0;
			shellPath = /bin/sh;
			shellScript = "diff \"${PODS_PODFILE_DIR_PATH}/Podfile.lock\" \"${PODS_ROOT}/Manifest.lock\" > /dev/null\nif [ $? != 0 ] ; then\n    # print error to STDERR\n    echo \"error: The sandbox is not in sync with the Podfile.lock. Run 'pod install' or update your CocoaPods installation.\" >&2\n    exit 1\nfi\n# This output is used by Xcode 'outputs' to avoid re-running this script phase.\necho \"SUCCESS\" > \"${SCRIPT_OUTPUT_FILE_0}\"\n";
			showEnvVarsInLog = 0;
		};
		0CF777D1D2115BC4CC94C0FC /* [CP] Copy Pods Resources */ = {
			isa = PBXShellScriptBuildPhase;
			buildActionMask = 2147483647;
			files = (
			);
			inputPaths = (
			);
			name = "[CP] Copy Pods Resources";
			outputPaths = (
			);
			runOnlyForDeploymentPostprocessing = 0;
			shellPath = /bin/sh;
			shellScript = "\"${SRCROOT}/Pods/Target Support Files/Pods-projeUITests/Pods-projeUITests-resources.sh\"\n";
			showEnvVarsInLog = 0;
		};
		156DDF279214339DE5923783 /* [CP] Embed Pods Frameworks */ = {
			isa = PBXShellScriptBuildPhase;
			buildActionMask = 2147483647;
			files = (
			);
			inputPaths = (
			);
			name = "[CP] Embed Pods Frameworks";
			outputPaths = (
			);
			runOnlyForDeploymentPostprocessing = 0;
			shellPath = /bin/sh;
			shellScript = "\"${SRCROOT}/Pods/Target Support Files/Pods-projeUITests/Pods-projeUITests-frameworks.sh\"\n";
			showEnvVarsInLog = 0;
		};
		7479523802FCE9C8E84E1A40 /* [CP] Check Pods Manifest.lock */ = {
			isa = PBXShellScriptBuildPhase;
			buildActionMask = 2147483647;
			files = (
			);
			inputPaths = (
				"${PODS_PODFILE_DIR_PATH}/Podfile.lock",
				"${PODS_ROOT}/Manifest.lock",
			);
			name = "[CP] Check Pods Manifest.lock";
			outputPaths = (
				"$(DERIVED_FILE_DIR)/Pods-projeTests-checkManifestLockResult.txt",
			);
			runOnlyForDeploymentPostprocessing = 0;
			shellPath = /bin/sh;
			shellScript = "diff \"${PODS_PODFILE_DIR_PATH}/Podfile.lock\" \"${PODS_ROOT}/Manifest.lock\" > /dev/null\nif [ $? != 0 ] ; then\n    # print error to STDERR\n    echo \"error: The sandbox is not in sync with the Podfile.lock. Run 'pod install' or update your CocoaPods installation.\" >&2\n    exit 1\nfi\n# This output is used by Xcode 'outputs' to avoid re-running this script phase.\necho \"SUCCESS\" > \"${SCRIPT_OUTPUT_FILE_0}\"\n";
			showEnvVarsInLog = 0;
		};
		86E7DB1522ABD4774166FE43 /* [CP] Copy Pods Resources */ = {
			isa = PBXShellScriptBuildPhase;
			buildActionMask = 2147483647;
			files = (
			);
			inputPaths = (
			);
			name = "[CP] Copy Pods Resources";
			outputPaths = (
			);
			runOnlyForDeploymentPostprocessing = 0;
			shellPath = /bin/sh;
			shellScript = "\"${SRCROOT}/Pods/Target Support Files/Pods-proje/Pods-proje-resources.sh\"\n";
			showEnvVarsInLog = 0;
		};
		D052AE933B5BD21EDE8DAD4A /* [CP] Embed Pods Frameworks */ = {
			isa = PBXShellScriptBuildPhase;
			buildActionMask = 2147483647;
			files = (
			);
			inputPaths = (
				"${SRCROOT}/Pods/Target Support Files/Pods-proje/Pods-proje-frameworks.sh",
				"${BUILT_PRODUCTS_DIR}/RevealingSplashView/RevealingSplashView.framework",
				"${BUILT_PRODUCTS_DIR}/SDWebImage/SDWebImage.framework",
				"${BUILT_PRODUCTS_DIR}/libwebp/libwebp.framework",
			);
			name = "[CP] Embed Pods Frameworks";
			outputPaths = (
				"${TARGET_BUILD_DIR}/${FRAMEWORKS_FOLDER_PATH}/RevealingSplashView.framework",
				"${TARGET_BUILD_DIR}/${FRAMEWORKS_FOLDER_PATH}/SDWebImage.framework",
				"${TARGET_BUILD_DIR}/${FRAMEWORKS_FOLDER_PATH}/libwebp.framework",
			);
			runOnlyForDeploymentPostprocessing = 0;
			shellPath = /bin/sh;
			shellScript = "\"${SRCROOT}/Pods/Target Support Files/Pods-proje/Pods-proje-frameworks.sh\"\n";
			showEnvVarsInLog = 0;
		};
		D1F4CC2A42A54E18095333C4 /* [CP] Copy Pods Resources */ = {
			isa = PBXShellScriptBuildPhase;
			buildActionMask = 2147483647;
			files = (
			);
			inputPaths = (
			);
			name = "[CP] Copy Pods Resources";
			outputPaths = (
			);
			runOnlyForDeploymentPostprocessing = 0;
			shellPath = /bin/sh;
			shellScript = "\"${SRCROOT}/Pods/Target Support Files/Pods-projeTests/Pods-projeTests-resources.sh\"\n";
			showEnvVarsInLog = 0;
		};
		F0F935B95B0EE6B7C55A95DE /* [CP] Check Pods Manifest.lock */ = {
			isa = PBXShellScriptBuildPhase;
			buildActionMask = 2147483647;
			files = (
			);
			inputPaths = (
				"${PODS_PODFILE_DIR_PATH}/Podfile.lock",
				"${PODS_ROOT}/Manifest.lock",
			);
			name = "[CP] Check Pods Manifest.lock";
			outputPaths = (
				"$(DERIVED_FILE_DIR)/Pods-proje-checkManifestLockResult.txt",
			);
			runOnlyForDeploymentPostprocessing = 0;
			shellPath = /bin/sh;
			shellScript = "diff \"${PODS_PODFILE_DIR_PATH}/Podfile.lock\" \"${PODS_ROOT}/Manifest.lock\" > /dev/null\nif [ $? != 0 ] ; then\n    # print error to STDERR\n    echo \"error: The sandbox is not in sync with the Podfile.lock. Run 'pod install' or update your CocoaPods installation.\" >&2\n    exit 1\nfi\n# This output is used by Xcode 'outputs' to avoid re-running this script phase.\necho \"SUCCESS\" > \"${SCRIPT_OUTPUT_FILE_0}\"\n";
			showEnvVarsInLog = 0;
		};
		F4A36544A9CB84EF34A06CDE /* [CP] Embed Pods Frameworks */ = {
			isa = PBXShellScriptBuildPhase;
			buildActionMask = 2147483647;
			files = (
			);
			inputPaths = (
			);
			name = "[CP] Embed Pods Frameworks";
			outputPaths = (
			);
			runOnlyForDeploymentPostprocessing = 0;
			shellPath = /bin/sh;
			shellScript = "\"${SRCROOT}/Pods/Target Support Files/Pods-projeTests/Pods-projeTests-frameworks.sh\"\n";
			showEnvVarsInLog = 0;
		};
/* End PBXShellScriptBuildPhase section */

/* Begin PBXSourcesBuildPhase section */
		9AB6B56A1F5E923200E23658 /* Sources */ = {
			isa = PBXSourcesBuildPhase;
			buildActionMask = 2147483647;
			files = (
				9AB6B5741F5E923200E23658 /* ViewController.swift in Sources */,
				9AB737AC1F5EE505002C1270 /* IslemViewController.swift in Sources */,
				9A0B763E1F602336004DC34C /* FileTableViewCell.swift in Sources */,
				9AB6B5721F5E923200E23658 /* AppDelegate.swift in Sources */,
				9AB737A71F5ECB8B002C1270 /* AnaViewController.swift in Sources */,
			);
			runOnlyForDeploymentPostprocessing = 0;
		};
		9AB6B57E1F5E923200E23658 /* Sources */ = {
			isa = PBXSourcesBuildPhase;
			buildActionMask = 2147483647;
			files = (
				9AB6B5871F5E923200E23658 /* projeTests.swift in Sources */,
			);
			runOnlyForDeploymentPostprocessing = 0;
		};
		9AB6B5891F5E923200E23658 /* Sources */ = {
			isa = PBXSourcesBuildPhase;
			buildActionMask = 2147483647;
			files = (
				9AB6B5921F5E923200E23658 /* projeUITests.swift in Sources */,
			);
			runOnlyForDeploymentPostprocessing = 0;
		};
/* End PBXSourcesBuildPhase section */

/* Begin PBXTargetDependency section */
		9AB6B5841F5E923200E23658 /* PBXTargetDependency */ = {
			isa = PBXTargetDependency;
			target = 9AB6B56D1F5E923200E23658 /* proje */;
			targetProxy = 9AB6B5831F5E923200E23658 /* PBXContainerItemProxy */;
		};
		9AB6B58F1F5E923200E23658 /* PBXTargetDependency */ = {
			isa = PBXTargetDependency;
			target = 9AB6B56D1F5E923200E23658 /* proje */;
			targetProxy = 9AB6B58E1F5E923200E23658 /* PBXContainerItemProxy */;
		};
/* End PBXTargetDependency section */

/* Begin PBXVariantGroup section */
		9AB6B5751F5E923200E23658 /* Main.storyboard */ = {
			isa = PBXVariantGroup;
			children = (
				9AB6B5761F5E923200E23658 /* Base */,
			);
			name = Main.storyboard;
			sourceTree = "<group>";
		};
/* End PBXVariantGroup section */

/* Begin XCBuildConfiguration section */
		9AB6B5941F5E923200E23658 /* Debug */ = {
			isa = XCBuildConfiguration;
			buildSettings = {
				ALWAYS_SEARCH_USER_PATHS = NO;
				CLANG_ANALYZER_NONNULL = YES;
				CLANG_ANALYZER_NUMBER_OBJECT_CONVERSION = YES_AGGRESSIVE;
				CLANG_CXX_LANGUAGE_STANDARD = "gnu++0x";
				CLANG_CXX_LIBRARY = "libc++";
				CLANG_ENABLE_MODULES = YES;
				CLANG_ENABLE_OBJC_ARC = YES;
				CLANG_WARN_BOOL_CONVERSION = YES;
				CLANG_WARN_CONSTANT_CONVERSION = YES;
				CLANG_WARN_DIRECT_OBJC_ISA_USAGE = YES_ERROR;
				CLANG_WARN_DOCUMENTATION_COMMENTS = YES;
				CLANG_WARN_EMPTY_BODY = YES;
				CLANG_WARN_ENUM_CONVERSION = YES;
				CLANG_WARN_INFINITE_RECURSION = YES;
				CLANG_WARN_INT_CONVERSION = YES;
				CLANG_WARN_OBJC_ROOT_CLASS = YES_ERROR;
				CLANG_WARN_SUSPICIOUS_MOVE = YES;
				CLANG_WARN_UNREACHABLE_CODE = YES;
				CLANG_WARN__DUPLICATE_METHOD_MATCH = YES;
				"CODE_SIGN_IDENTITY[sdk=iphoneos*]" = "iPhone Developer";
				COPY_PHASE_STRIP = NO;
				DEBUG_INFORMATION_FORMAT = dwarf;
				ENABLE_STRICT_OBJC_MSGSEND = YES;
				ENABLE_TESTABILITY = YES;
				GCC_C_LANGUAGE_STANDARD = gnu99;
				GCC_DYNAMIC_NO_PIC = NO;
				GCC_NO_COMMON_BLOCKS = YES;
				GCC_OPTIMIZATION_LEVEL = 0;
				GCC_PREPROCESSOR_DEFINITIONS = (
					"DEBUG=1",
					"$(inherited)",
				);
				GCC_WARN_64_TO_32_BIT_CONVERSION = YES;
				GCC_WARN_ABOUT_RETURN_TYPE = YES_ERROR;
				GCC_WARN_UNDECLARED_SELECTOR = YES;
				GCC_WARN_UNINITIALIZED_AUTOS = YES_AGGRESSIVE;
				GCC_WARN_UNUSED_FUNCTION = YES;
				GCC_WARN_UNUSED_VARIABLE = YES;
				IPHONEOS_DEPLOYMENT_TARGET = 10.3;
				MTL_ENABLE_DEBUG_INFO = YES;
				ONLY_ACTIVE_ARCH = YES;
				SDKROOT = iphoneos;
				SWIFT_ACTIVE_COMPILATION_CONDITIONS = DEBUG;
				SWIFT_OPTIMIZATION_LEVEL = "-Onone";
				TARGETED_DEVICE_FAMILY = "1,2";
			};
			name = Debug;
		};
		9AB6B5951F5E923200E23658 /* Release */ = {
			isa = XCBuildConfiguration;
			buildSettings = {
				ALWAYS_SEARCH_USER_PATHS = NO;
				CLANG_ANALYZER_NONNULL = YES;
				CLANG_ANALYZER_NUMBER_OBJECT_CONVERSION = YES_AGGRESSIVE;
				CLANG_CXX_LANGUAGE_STANDARD = "gnu++0x";
				CLANG_CXX_LIBRARY = "libc++";
				CLANG_ENABLE_MODULES = YES;
				CLANG_ENABLE_OBJC_ARC = YES;
				CLANG_WARN_BOOL_CONVERSION = YES;
				CLANG_WARN_CONSTANT_CONVERSION = YES;
				CLANG_WARN_DIRECT_OBJC_ISA_USAGE = YES_ERROR;
				CLANG_WARN_DOCUMENTATION_COMMENTS = YES;
				CLANG_WARN_EMPTY_BODY = YES;
				CLANG_WARN_ENUM_CONVERSION = YES;
				CLANG_WARN_INFINITE_RECURSION = YES;
				CLANG_WARN_INT_CONVERSION = YES;
				CLANG_WARN_OBJC_ROOT_CLASS = YES_ERROR;
				CLANG_WARN_SUSPICIOUS_MOVE = YES;
				CLANG_WARN_UNREACHABLE_CODE = YES;
				CLANG_WARN__DUPLICATE_METHOD_MATCH = YES;
				"CODE_SIGN_IDENTITY[sdk=iphoneos*]" = "iPhone Developer";
				COPY_PHASE_STRIP = NO;
				DEBUG_INFORMATION_FORMAT = "dwarf-with-dsym";
				ENABLE_NS_ASSERTIONS = NO;
				ENABLE_STRICT_OBJC_MSGSEND = YES;
				GCC_C_LANGUAGE_STANDARD = gnu99;
				GCC_NO_COMMON_BLOCKS = YES;
				GCC_WARN_64_TO_32_BIT_CONVERSION = YES;
				GCC_WARN_ABOUT_RETURN_TYPE = YES_ERROR;
				GCC_WARN_UNDECLARED_SELECTOR = YES;
				GCC_WARN_UNINITIALIZED_AUTOS = YES_AGGRESSIVE;
				GCC_WARN_UNUSED_FUNCTION = YES;
				GCC_WARN_UNUSED_VARIABLE = YES;
				IPHONEOS_DEPLOYMENT_TARGET = 10.3;
				MTL_ENABLE_DEBUG_INFO = NO;
				SDKROOT = iphoneos;
				SWIFT_OPTIMIZATION_LEVEL = "-Owholemodule";
				TARGETED_DEVICE_FAMILY = "1,2";
				VALIDATE_PRODUCT = YES;
			};
			name = Release;
		};
		9AB6B5971F5E923200E23658 /* Debug */ = {
			isa = XCBuildConfiguration;
			baseConfigurationReference = A034ADBF6AFD9DDBD03A381B /* Pods-proje.debug.xcconfig */;
			buildSettings = {
				ASSETCATALOG_COMPILER_APPICON_NAME = AppIcon;
				INFOPLIST_FILE = proje/Info.plist;
				LD_RUNPATH_SEARCH_PATHS = "$(inherited) @executable_path/Frameworks";
				PRODUCT_BUNDLE_IDENTIFIER = proje.proje;
				PRODUCT_NAME = "$(TARGET_NAME)";
				SWIFT_VERSION = 3.0;
			};
			name = Debug;
		};
		9AB6B5981F5E923200E23658 /* Release */ = {
			isa = XCBuildConfiguration;
			baseConfigurationReference = 78A5DAEE88E38EDC98CF014C /* Pods-proje.release.xcconfig */;
			buildSettings = {
				ASSETCATALOG_COMPILER_APPICON_NAME = AppIcon;
				INFOPLIST_FILE = proje/Info.plist;
				LD_RUNPATH_SEARCH_PATHS = "$(inherited) @executable_path/Frameworks";
				PRODUCT_BUNDLE_IDENTIFIER = proje.proje;
				PRODUCT_NAME = "$(TARGET_NAME)";
				SWIFT_VERSION = 3.0;
			};
			name = Release;
		};
		9AB6B59A1F5E923200E23658 /* Debug */ = {
			isa = XCBuildConfiguration;
			baseConfigurationReference = 605C120E99A66E6D83BC01C0 /* Pods-projeTests.debug.xcconfig */;
			buildSettings = {
				ALWAYS_EMBED_SWIFT_STANDARD_LIBRARIES = YES;
				BUNDLE_LOADER = "$(TEST_HOST)";
				INFOPLIST_FILE = projeTests/Info.plist;
				LD_RUNPATH_SEARCH_PATHS = "$(inherited) @executable_path/Frameworks @loader_path/Frameworks";
				PRODUCT_BUNDLE_IDENTIFIER = proje.projeTests;
				PRODUCT_NAME = "$(TARGET_NAME)";
				SWIFT_VERSION = 3.0;
				TEST_HOST = "$(BUILT_PRODUCTS_DIR)/proje.app/proje";
			};
			name = Debug;
		};
		9AB6B59B1F5E923200E23658 /* Release */ = {
			isa = XCBuildConfiguration;
			baseConfigurationReference = BC76F3F2986924B2A562EE72 /* Pods-projeTests.release.xcconfig */;
			buildSettings = {
				ALWAYS_EMBED_SWIFT_STANDARD_LIBRARIES = YES;
				BUNDLE_LOADER = "$(TEST_HOST)";
				INFOPLIST_FILE = projeTests/Info.plist;
				LD_RUNPATH_SEARCH_PATHS = "$(inherited) @executable_path/Frameworks @loader_path/Frameworks";
				PRODUCT_BUNDLE_IDENTIFIER = proje.projeTests;
				PRODUCT_NAME = "$(TARGET_NAME)";
				SWIFT_VERSION = 3.0;
				TEST_HOST = "$(BUILT_PRODUCTS_DIR)/proje.app/proje";
			};
			name = Release;
		};
		9AB6B59D1F5E923200E23658 /* Debug */ = {
			isa = XCBuildConfiguration;
			baseConfigurationReference = 43E8278AB76F436FF8967E32 /* Pods-projeUITests.debug.xcconfig */;
			buildSettings = {
				ALWAYS_EMBED_SWIFT_STANDARD_LIBRARIES = YES;
				INFOPLIST_FILE = projeUITests/Info.plist;
				LD_RUNPATH_SEARCH_PATHS = "$(inherited) @executable_path/Frameworks @loader_path/Frameworks";
				PRODUCT_BUNDLE_IDENTIFIER = proje.projeUITests;
				PRODUCT_NAME = "$(TARGET_NAME)";
				SWIFT_VERSION = 3.0;
				TEST_TARGET_NAME = proje;
			};
			name = Debug;
		};
		9AB6B59E1F5E923200E23658 /* Release */ = {
			isa = XCBuildConfiguration;
			baseConfigurationReference = 12765715826D79CBFA1AE8FF /* Pods-projeUITests.release.xcconfig */;
			buildSettings = {
				ALWAYS_EMBED_SWIFT_STANDARD_LIBRARIES = YES;
				INFOPLIST_FILE = projeUITests/Info.plist;
				LD_RUNPATH_SEARCH_PATHS = "$(inherited) @executable_path/Frameworks @loader_path/Frameworks";
				PRODUCT_BUNDLE_IDENTIFIER = proje.projeUITests;
				PRODUCT_NAME = "$(TARGET_NAME)";
				SWIFT_VERSION = 3.0;
				TEST_TARGET_NAME = proje;
			};
			name = Release;
		};
/* End XCBuildConfiguration section */

/* Begin XCConfigurationList section */
		9AB6B5691F5E923100E23658 /* Build configuration list for PBXProject "proje" */ = {
			isa = XCConfigurationList;
			buildConfigurations = (
				9AB6B5941F5E923200E23658 /* Debug */,
				9AB6B5951F5E923200E23658 /* Release */,
			);
			defaultConfigurationIsVisible = 0;
			defaultConfigurationName = Release;
		};
		9AB6B5961F5E923200E23658 /* Build configuration list for PBXNativeTarget "proje" */ = {
			isa = XCConfigurationList;
			buildConfigurations = (
				9AB6B5971F5E923200E23658 /* Debug */,
				9AB6B5981F5E923200E23658 /* Release */,
			);
			defaultConfigurationIsVisible = 0;
			defaultConfigurationName = Release;
		};
		9AB6B5991F5E923200E23658 /* Build configuration list for PBXNativeTarget "projeTests" */ = {
			isa = XCConfigurationList;
			buildConfigurations = (
				9AB6B59A1F5E923200E23658 /* Debug */,
				9AB6B59B1F5E923200E23658 /* Release */,
			);
			defaultConfigurationIsVisible = 0;
			defaultConfigurationName = Release;
		};
		9AB6B59C1F5E923200E23658 /* Build configuration list for PBXNativeTarget "projeUITests" */ = {
			isa = XCConfigurationList;
			buildConfigurations = (
				9AB6B59D1F5E923200E23658 /* Debug */,
				9AB6B59E1F5E923200E23658 /* Release */,
			);
			defaultConfigurationIsVisible = 0;
			defaultConfigurationName = Release;
		};
/* End XCConfigurationList section */
	};
	rootObject = 9AB6B5661F5E923100E23658 /* Project object */;
}
